// !$*UTF8*$!
{
	archiveVersion = 1;
	classes = {
	};
	objectVersion = 50;
	objects = {

/* Begin PBXBuildFile section */
		746C64DF224C69C2005082EA /* AppDelegate.swift in Sources */ = {isa = PBXBuildFile; fileRef = 746C64DE224C69C2005082EA /* AppDelegate.swift */; };
		746C64E1224C69C2005082EA /* ViewController.swift in Sources */ = {isa = PBXBuildFile; fileRef = 746C64E0224C69C2005082EA /* ViewController.swift */; };
		746C64E4224C69C2005082EA /* Main.storyboard in Resources */ = {isa = PBXBuildFile; fileRef = 746C64E2224C69C2005082EA /* Main.storyboard */; };
		746C64E6224C69C4005082EA /* Assets.xcassets in Resources */ = {isa = PBXBuildFile; fileRef = 746C64E5224C69C4005082EA /* Assets.xcassets */; };
		746C64E9224C69C4005082EA /* LaunchScreen.storyboard in Resources */ = {isa = PBXBuildFile; fileRef = 746C64E7224C69C4005082EA /* LaunchScreen.storyboard */; };
/* End PBXBuildFile section */

/* Begin PBXFileReference section */
		746C64DB224C69C2005082EA /* Alien ImageViewer Timer03.app */ = {isa = PBXFileReference; explicitFileType = wrapper.application; includeInIndex = 0; path = "Alien ImageViewer Timer03.app"; sourceTree = BUILT_PRODUCTS_DIR; };
		746C64DE224C69C2005082EA /* AppDelegate.swift */ = {isa = PBXFileReference; lastKnownFileType = sourcecode.swift; path = AppDelegate.swift; sourceTree = "<group>"; };
		746C64E0224C69C2005082EA /* ViewController.swift */ = {isa = PBXFileReference; lastKnownFileType = sourcecode.swift; path = ViewController.swift; sourceTree = "<group>"; };
		746C64E3224C69C2005082EA /* Base */ = {isa = PBXFileReference; lastKnownFileType = file.storyboard; name = Base; path = Base.lproj/Main.storyboard; sourceTree = "<group>"; };
		746C64E5224C69C4005082EA /* Assets.xcassets */ = {isa = PBXFileReference; lastKnownFileType = folder.assetcatalog; path = Assets.xcassets; sourceTree = "<group>"; };
		746C64E8224C69C4005082EA /* Base */ = {isa = PBXFileReference; lastKnownFileType = file.storyboard; name = Base; path = Base.lproj/LaunchScreen.storyboard; sourceTree = "<group>"; };
		746C64EA224C69C4005082EA /* Info.plist */ = {isa = PBXFileReference; lastKnownFileType = text.plist.xml; path = Info.plist; sourceTree = "<group>"; };
/* End PBXFileReference section */

/* Begin PBXFrameworksBuildPhase section */
		746C64D8224C69C2005082EA /* Frameworks */ = {
			isa = PBXFrameworksBuildPhase;
			buildActionMask = 2147483647;
			files = (
			);
			runOnlyForDeploymentPostprocessing = 0;
		};
/* End PBXFrameworksBuildPhase section */

/* Begin PBXGroup section */
		746C64D2224C69C2005082EA = {
			isa = PBXGroup;
			children = (
				746C64DD224C69C2005082EA /* Alien ImageViewer Timer03 */,
				746C64DC224C69C2005082EA /* Products */,
			);
			sourceTree = "<group>";
		};
		746C64DC224C69C2005082EA /* Products */ = {
			isa = PBXGroup;
			children = (
				746C64DB224C69C2005082EA /* Alien ImageViewer Timer03.app */,
			);
			name = Products;
			sourceTree = "<group>";
		};
		746C64DD224C69C2005082EA /* Alien ImageViewer Timer03 */ = {
			isa = PBXGroup;
			children = (
				746C64DE224C69C2005082EA /* AppDelegate.swift */,
				746C64E0224C69C2005082EA /* ViewController.swift */,
				746C64E2224C69C2005082EA /* Main.storyboard */,
				746C64E5224C69C4005082EA /* Assets.xcassets */,
				746C64E7224C69C4005082EA /* LaunchScreen.storyboard */,
				746C64EA224C69C4005082EA /* Info.plist */,
			);
			path = "Alien ImageViewer Timer03";
			sourceTree = "<group>";
		};
/* End PBXGroup section */

/* Begin PBXNativeTarget section */
		746C64DA224C69C2005082EA /* Alien ImageViewer Timer03 */ = {
			isa = PBXNativeTarget;
			buildConfigurationList = 746C64ED224C69C4005082EA /* Build configuration list for PBXNativeTarget "Alien ImageViewer Timer03" */;
			buildPhases = (
				746C64D7224C69C2005082EA /* Sources */,
				746C64D8224C69C2005082EA /* Frameworks */,
				746C64D9224C69C2005082EA /* Resources */,
			);
			buildRules = (
			);
			dependencies = (
			);
			name = "Alien ImageViewer Timer03";
			productName = "Alien ImageViewer Timer03";
			productReference = 746C64DB224C69C2005082EA /* Alien ImageViewer Timer03.app */;
			productType = "com.apple.product-type.application";
		};
/* End PBXNativeTarget section */

/* Begin PBXProject section */
		746C64D3224C69C2005082EA /* Project object */ = {
			isa = PBXProject;
			attributes = {
				LastSwiftUpdateCheck = 1000;
				LastUpgradeCheck = 1000;
				ORGANIZATIONNAME = pgh;
				TargetAttributes = {
					746C64DA224C69C2005082EA = {
						CreatedOnToolsVersion = 10.0;
					};
				};
			};
			buildConfigurationList = 746C64D6224C69C2005082EA /* Build configuration list for PBXProject "Alien ImageViewer Timer03" */;
			compatibilityVersion = "Xcode 9.3";
			developmentRegion = en;
			hasScannedForEncodings = 0;
			knownRegions = (
				en,
				Base,
			);
			mainGroup = 746C64D2224C69C2005082EA;
			productRefGroup = 746C64DC224C69C2005082EA /* Products */;
			projectDirPath = "";
			projectRoot = "";
			targets = (
				746C64DA224C69C2005082EA /* Alien ImageViewer Timer03 */,
			);
		};
/* End PBXProject section */

/* Begin PBXResourcesBuildPhase section */
		746C64D9224C69C2005082EA /* Resources */ = {
			isa = PBXResourcesBuildPhase;
			buildActionMask = 2147483647;
			files = (
				746C64E9224C69C4005082EA /* LaunchScreen.storyboard in Resources */,
				746C64E6224C69C4005082EA /* Assets.xcassets in Resources */,
				746C64E4224C69C2005082EA /* Main.storyboard in Resources */,
			);
			runOnlyForDeploymentPostprocessing = 0;
		};
/* End PBXResourcesBuildPhase section */

/* Begin PBXSourcesBuildPhase section */
		746C64D7224C69C2005082EA /* Sources */ = {
			isa = PBXSourcesBuildPhase;
			buildActionMask = 2147483647;
			files = (
				746C64E1224C69C2005082EA /* ViewController.swift in Sources */,
				746C64DF224C69C2005082EA /* AppDelegate.swift in Sources */,
			);
			runOnlyForDeploymentPostprocessing = 0;
		};
/* End PBXSourcesBuildPhase section */

/* Begin PBXVariantGroup section */
		746C64E2224C69C2005082EA /* Main.storyboard */ = {
			isa = PBXVariantGroup;
			children = (
				746C64E3224C69C2005082EA /* Base */,
			);
			name = Main.storyboard;
			sourceTree = "<group>";
		};
		746C64E7224C69C4005082EA /* LaunchScreen.storyboard */ = {
			isa = PBXVariantGroup;
			children = (
				746C64E8224C69C4005082EA /* Base */,
			);
			name = LaunchScreen.storyboard;
			sourceTree = "<group>";
		};
/* End PBXVariantGroup section */

/* Begin XCBuildConfiguration section */
		746C64EB224C69C4005082EA /* Debug */ = {
			isa = XCBuildConfiguration;
			buildSettings = {
				ALWAYS_SEARCH_USER_PATHS = NO;
				CLANG_ANALYZER_NONNULL = YES;
				CLANG_ANALYZER_NUMBER_OBJECT_CONVERSION = YES_AGGRESSIVE;
				CLANG_CXX_LANGUAGE_STANDARD = "gnu++14";
				CLANG_CXX_LIBRARY = "libc++";
				CLANG_ENABLE_MODULES = YES;
				CLANG_ENABLE_OBJC_ARC = YES;
				CLANG_ENABLE_OBJC_WEAK = YES;
				CLANG_WARN_BLOCK_CAPTURE_AUTORELEASING = YES;
				CLANG_WARN_BOOL_CONVERSION = YES;
				CLANG_WARN_COMMA = YES;
				CLANG_WARN_CONSTANT_CONVERSION = YES;
				CLANG_WARN_DEPRECATED_OBJC_IMPLEMENTATIONS = YES;
				CLANG_WARN_DIRECT_OBJC_ISA_USAGE = YES_ERROR;
				CLANG_WARN_DOCUMENTATION_COMMENTS = YES;
				CLANG_WARN_EMPTY_BODY = YES;
				CLANG_WARN_ENUM_CONVERSION = YES;
				CLANG_WARN_INFINITE_RECURSION = YES;
				CLANG_WARN_INT_CONVERSION = YES;
				CLANG_WARN_NON_LITERAL_NULL_CONVERSION = YES;
				CLANG_WARN_OBJC_IMPLICIT_RETAIN_SELF = YES;
				CLANG_WARN_OBJC_LITERAL_CONVERSION = YES;
				CLANG_WARN_OBJC_ROOT_CLASS = YES_ERROR;
				CLANG_WARN_RANGE_LOOP_ANALYSIS = YES;
				CLANG_WARN_STRICT_PROTOTYPES = YES;
				CLANG_WARN_SUSPICIOUS_MOVE = YES;
				CLANG_WARN_UNGUARDED_AVAILABILITY = YES_AGGRESSIVE;
				CLANG_WARN_UNREACHABLE_CODE = YES;
				CLANG_WARN__DUPLICATE_METHOD_MATCH = YES;
				CODE_SIGN_IDENTITY = "iPhone Developer";
				COPY_PHASE_STRIP = NO;
				DEBUG_INFORMATION_FORMAT = dwarf;
				ENABLE_STRICT_OBJC_MSGSEND = YES;
				ENABLE_TESTABILITY = YES;
				GCC_C_LANGUAGE_STANDARD = gnu11;
				GCC_DYNAMIC_NO_PIC = NO;
				GCC_NO_COMMON_BLOCKS = YES;
				GCC_OPTIMIZATION_LEVEL = 0;
				GCC_PREPROCESSOR_DEFINITIONS = (
					"DEBUG=1",
					"$(inherited)",
				);
				GCC_WARN_64_TO_32_BIT_CONVERSION = YES;
				GCC_WARN_ABOUT_RETURN_TYPE = YES_ERROR;
				GCC_WARN_UNDECLARED_SELECTOR = YES;
				GCC_WARN_UNINITIALIZED_AUTOS = YES_AGGRESSIVE;
				GCC_WARN_UNUSED_FUNCTION = YES;
				GCC_WARN_UNUSED_VARIABLE = YES;
				IPHONEOS_DEPLOYMENT_TARGET = 12.0;
				MTL_ENABLE_DEBUG_INFO = INCLUDE_SOURCE;
				MTL_FAST_MATH = YES;
				ONLY_ACTIVE_ARCH = YES;
				SDKROOT = iphoneos;
				SWIFT_ACTIVE_COMPILATION_CONDITIONS = DEBUG;
				SWIFT_OPTIMIZATION_LEVEL = "-Onone";
			};
			name = Debug;
		};
		746C64EC224C69C4005082EA /* Release */ = {
			isa = XCBuildConfiguration;
			buildSettings = {
				ALWAYS_SEARCH_USER_PATHS = NO;
				CLANG_ANALYZER_NONNULL = YES;
				CLANG_ANALYZER_NUMBER_OBJECT_CONVERSION = YES_AGGRESSIVE;
				CLANG_CXX_LANGUAGE_STANDARD = "gnu++14";
				CLANG_CXX_LIBRARY = "libc++";
				CLANG_ENABLE_MODULES = YES;
				CLANG_ENABLE_OBJC_ARC = YES;
				CLANG_ENABLE_OBJC_WEAK = YES;
				CLANG_WARN_BLOCK_CAPTURE_AUTORELEASING = YES;
				CLANG_WARN_BOOL_CONVERSION = YES;
				CLANG_WARN_COMMA = YES;
				CLANG_WARN_CONSTANT_CONVERSION = YES;
				CLANG_WARN_DEPRECATED_OBJC_IMPLEMENTATIONS = YES;
				CLANG_WARN_DIRECT_OBJC_ISA_USAGE = YES_ERROR;
				CLANG_WARN_DOCUMENTATION_COMMENTS = YES;
				CLANG_WARN_EMPTY_BODY = YES;
				CLANG_WARN_ENUM_CONVERSION = YES;
				CLANG_WARN_INFINITE_RECURSION = YES;
				CLANG_WARN_INT_CONVERSION = YES;
				CLANG_WARN_NON_LITERAL_NULL_CONVERSION = YES;
				CLANG_WARN_OBJC_IMPLICIT_RETAIN_SELF = YES;
				CLANG_WARN_OBJC_LITERAL_CONVERSION = YES;
				CLANG_WARN_OBJC_ROOT_CLASS = YES_ERROR;
				CLANG_WARN_RANGE_LOOP_ANALYSIS = YES;
				CLANG_WARN_STRICT_PROTOTYPES = YES;
				CLANG_WARN_SUSPICIOUS_MOVE = YES;
				CLANG_WARN_UNGUARDED_AVAILABILITY = YES_AGGRESSIVE;
				CLANG_WARN_UNREACHABLE_CODE = YES;
				CLANG_WARN__DUPLICATE_METHOD_MATCH = YES;
				CODE_SIGN_IDENTITY = "iPhone Developer";
				COPY_PHASE_STRIP = NO;
				DEBUG_INFORMATION_FORMAT = "dwarf-with-dsym";
				ENABLE_NS_ASSERTIONS = NO;
				ENABLE_STRICT_OBJC_MSGSEND = YES;
				GCC_C_LANGUAGE_STANDARD = gnu11;
				GCC_NO_COMMON_BLOCKS = YES;
				GCC_WARN_64_TO_32_BIT_CONVERSION = YES;
				GCC_WARN_ABOUT_RETURN_TYPE = YES_ERROR;
				GCC_WARN_UNDECLARED_SELECTOR = YES;
				GCC_WARN_UNINITIALIZED_AUTOS = YES_AGGRESSIVE;
				GCC_WARN_UNUSED_FUNCTION = YES;
				GCC_WARN_UNUSED_VARIABLE = YES;
				IPHONEOS_DEPLOYMENT_TARGET = 12.0;
				MTL_ENABLE_DEBUG_INFO = NO;
				MTL_FAST_MATH = YES;
				SDKROOT = iphoneos;
				SWIFT_COMPILATION_MODE = wholemodule;
				SWIFT_OPTIMIZATION_LEVEL = "-O";
				VALIDATE_PRODUCT = YES;
			};
			name = Release;
		};
		746C64EE224C69C4005082EA /* Debug */ = {
			isa = XCBuildConfiguration;
			buildSettings = {
				ASSETCATALOG_COMPILER_APPICON_NAME = AppIcon;
				CODE_SIGN_STYLE = Automatic;
				INFOPLIST_FILE = "Alien ImageViewer Timer03/Info.plist";
				LD_RUNPATH_SEARCH_PATHS = (
					"$(inherited)",
					"@executable_path/Frameworks",
				);
				PRODUCT_BUNDLE_IDENTIFIER = "pgh.ac.kr.Alien-ImageViewer-Timer03";
				PRODUCT_NAME = "$(TARGET_NAME)";
				SWIFT_VERSION = 4.2;
				TARGETED_DEVICE_FAMILY = "1,2";
			};
			name = Debug;
		};
		746C64EF224C69C4005082EA /* Release */ = {
			isa = XCBuildConfiguration;
			buildSettings = {
				ASSETCATALOG_COMPILER_APPICON_NAME = AppIcon;
				CODE_SIGN_STYLE = Automatic;
				INFOPLIST_FILE = "Alien ImageViewer Timer03/Info.plist";
				LD_RUNPATH_SEARCH_PATHS = (
					"$(inherited)",
					"@executable_path/Frameworks",
				);
				PRODUCT_BUNDLE_IDENTIFIER = "pgh.ac.kr.Alien-ImageViewer-Timer03";
				PRODUCT_NAME = "$(TARGET_NAME)";
				SWIFT_VERSION = 4.2;
				TARGETED_DEVICE_FAMILY = "1,2";
			};
			name = Release;
		};
/* End XCBuildConfiguration section */

/* Begin XCConfigurationList section */
		746C64D6224C69C2005082EA /* Build configuration list for PBXProject "Alien ImageViewer Timer03" */ = {
			isa = XCConfigurationList;
			buildConfigurations = (
				746C64EB224C69C4005082EA /* Debug */,
				746C64EC224C69C4005082EA /* Release */,
			);
			defaultConfigurationIsVisible = 0;
			defaultConfigurationName = Release;
		};
		746C64ED224C69C4005082EA /* Build configuration list for PBXNativeTarget "Alien ImageViewer Timer03" */ = {
			isa = XCConfigurationList;
			buildConfigurations = (
				746C64EE224C69C4005082EA /* Debug */,
				746C64EF224C69C4005082EA /* Release */,
			);
			defaultConfigurationIsVisible = 0;
			defaultConfigurationName = Release;
		};
/* End XCConfigurationList section */
	};
	rootObject = 746C64D3224C69C2005082EA /* Project object */;
}
